
Microsoft Visual Studio Solution File, Format Version 12.00
# Visual Studio Version 16
VisualStudioVersion = 16.0.31410.357
MinimumVisualStudioVersion = 10.0.40219.1
Project("{FAE04EC0-301F-11D3-BF4B-00C04F79EFBC}") = "TDD-Sorts", "TDD-Sorts\TDD-Sorts.csproj", "{747B13AB-FAE1-465D-AB48-9923C58377AE}"
EndProject
Project("{FAE04EC0-301F-11D3-BF4B-00C04F79EFBC}") = "TDD-SortsTests", "TDD-SortsTests\TDD-SortsTests.csproj", "{D9FEF8E0-CDCD-496E-99DC-FF27D197F661}"
EndProject
Global
	GlobalSection(SolutionConfigurationPlatforms) = preSolution
		Debug|Any CPU = Debug|Any CPU
		Release|Any CPU = Release|Any CPU
	EndGlobalSection
	GlobalSection(ProjectConfigurationPlatforms) = postSolution
		{747B13AB-FAE1-465D-AB48-9923C58377AE}.Debug|Any CPU.ActiveCfg = Debug|Any CPU
		{747B13AB-FAE1-465D-AB48-9923C58377AE}.Debug|Any CPU.Build.0 = Debug|Any CPU
		{747B13AB-FAE1-465D-AB48-9923C58377AE}.Release|Any CPU.ActiveCfg = Release|Any CPU
		{747B13AB-FAE1-465D-AB48-9923C58377AE}.Release|Any CPU.Build.0 = Release|Any CPU
		{D9FEF8E0-CDCD-496E-99DC-FF27D197F661}.Debug|Any CPU.ActiveCfg = Debug|Any CPU
		{D9FEF8E0-CDCD-496E-99DC-FF27D197F661}.Debug|Any CPU.Build.0 = Debug|Any CPU
		{D9FEF8E0-CDCD-496E-99DC-FF27D197F661}.Release|Any CPU.ActiveCfg = Release|Any CPU
		{D9FEF8E0-CDCD-496E-99DC-FF27D197F661}.Release|Any CPU.Build.0 = Release|Any CPU
	EndGlobalSection
	GlobalSection(SolutionProperties) = preSolution
		HideSolutionNode = FALSE
	EndGlobalSection
	GlobalSection(ExtensibilityGlobals) = postSolution
		SolutionGuid = {A440BBE4-F1F2-4559-9F49-B8808D654569}
	EndGlobalSection
EndGlobal
